{
  "name": "cy-education-uniapp",
  "lockfileVersion": 2,
  "requires": true,
  "packages": {
    "": {
      "dependencies": {
        "vconsole": "^3.15.1"
      }
    },
    "node_modules/@babel/runtime": {
      "version": "7.24.1",
      "resolved": "https://registry.npmmirror.com/@babel/runtime/-/runtime-7.24.1.tgz",
      "integrity": "sha512-+BIznRzyqBf+2wCTxcKE3wDjfGeCoVE61KSHGpkzqrLi8qxqFwBeUFyId2cxkTmm55fzDGnm0+yCxaxygrLUnQ==",
      "dependencies": {
        "regenerator-runtime": "^0.14.0"
      },
      "engines": {
        "node": ">=6.9.0"
      }
    },
    "node_modules/copy-text-to-clipboard": {
      "version": "3.2.0",
      "resolved": "https://registry.npmmirror.com/copy-text-to-clipboard/-/copy-text-to-clipboard-3.2.0.tgz",
      "integrity": "sha512-RnJFp1XR/LOBDckxTib5Qjr/PMfkatD0MUCQgdpqS8MdKiNUzBjAQBEN6oUy+jW7LI93BBG3DtMB2KOOKpGs2Q==",
      "engines": {
        "node": ">=12"
      }
    },
    "node_modules/core-js": {
      "version": "3.36.1",
      "resolved": "https://registry.npmmirror.com/core-js/-/core-js-3.36.1.tgz",
      "integrity": "sha512-BTvUrwxVBezj5SZ3f10ImnX2oRByMxql3EimVqMysepbC9EeMUOpLwdy6Eoili2x6E4kf+ZUB5k/+Jv55alPfA==",
      "hasInstallScript": true
    },
    "node_modules/mutation-observer": {
      "version": "1.0.3",
      "resolved": "https://registry.npmmirror.com/mutation-observer/-/mutation-observer-1.0.3.tgz",
      "integrity": "sha512-M/O/4rF2h776hV7qGMZUH3utZLO/jK7p8rnNgGkjKUw8zCGjRQPxB8z6+5l8+VjRUQ3dNYu4vjqXYLr+U8ZVNA=="
    },
    "node_modules/regenerator-runtime": {
      "version": "0.14.1",
      "resolved": "https://registry.npmmirror.com/regenerator-runtime/-/regenerator-runtime-0.14.1.tgz",
      "integrity": "sha512-dYnhHh0nJoMfnkZs6GmmhFknAGRrLznOu5nc9ML+EJxGvrx6H7teuevqVqCuPcPK//3eDrrjQhehXVx9cnkGdw=="
    },
    "node_modules/vconsole": {
      "version": "3.15.1",
      "resolved": "https://registry.npmmirror.com/vconsole/-/vconsole-3.15.1.tgz",
      "integrity": "sha512-KH8XLdrq9T5YHJO/ixrjivHfmF2PC2CdVoK6RWZB4yftMykYIaXY1mxZYAic70vADM54kpMQF+dYmvl5NRNy1g==",
      "dependencies": {
        "@babel/runtime": "^7.17.2",
        "copy-text-to-clipboard": "^3.0.1",
        "core-js": "^3.11.0",
        "mutation-observer": "^1.0.3"
      }
    }
  },
  "dependencies": {
    "@babel/runtime": {
      "version": "7.24.1",
      "resolved": "https://registry.npmmirror.com/@babel/runtime/-/runtime-7.24.1.tgz",
      "integrity": "sha512-+BIznRzyqBf+2wCTxcKE3wDjfGeCoVE61KSHGpkzqrLi8qxqFwBeUFyId2cxkTmm55fzDGnm0+yCxaxygrLUnQ==",
      "requires": {
        "regenerator-runtime": "^0.14.0"
      }
    },
    "copy-text-to-clipboard": {
      "version": "3.2.0",
      "resolved": "https://registry.npmmirror.com/copy-text-to-clipboard/-/copy-text-to-clipboard-3.2.0.tgz",
      "integrity": "sha512-RnJFp1XR/LOBDckxTib5Qjr/PMfkatD0MUCQgdpqS8MdKiNUzBjAQBEN6oUy+jW7LI93BBG3DtMB2KOOKpGs2Q=="
    },
    "core-js": {
      "version": "3.36.1",
      "resolved": "https://registry.npmmirror.com/core-js/-/core-js-3.36.1.tgz",
      "integrity": "sha512-BTvUrwxVBezj5SZ3f10ImnX2oRByMxql3EimVqMysepbC9EeMUOpLwdy6Eoili2x6E4kf+ZUB5k/+Jv55alPfA=="
    },
    "mutation-observer": {
      "version": "1.0.3",
      "resolved": "https://registry.npmmirror.com/mutation-observer/-/mutation-observer-1.0.3.tgz",
      "integrity": "sha512-M/O/4rF2h776hV7qGMZUH3utZLO/jK7p8rnNgGkjKUw8zCGjRQPxB8z6+5l8+VjRUQ3dNYu4vjqXYLr+U8ZVNA=="
    },
    "regenerator-runtime": {
      "version": "0.14.1",
      "resolved": "https://registry.npmmirror.com/regenerator-runtime/-/regenerator-runtime-0.14.1.tgz",
      "integrity": "sha512-dYnhHh0nJoMfnkZs6GmmhFknAGRrLznOu5nc9ML+EJxGvrx6H7teuevqVqCuPcPK//3eDrrjQhehXVx9cnkGdw=="
    },
    "vconsole": {
      "version": "3.15.1",
      "resolved": "https://registry.npmmirror.com/vconsole/-/vconsole-3.15.1.tgz",
      "integrity": "sha512-KH8XLdrq9T5YHJO/ixrjivHfmF2PC2CdVoK6RWZB4yftMykYIaXY1mxZYAic70vADM54kpMQF+dYmvl5NRNy1g==",
      "requires": {
        "@babel/runtime": "^7.17.2",
        "copy-text-to-clipboard": "^3.0.1",
        "core-js": "^3.11.0",
        "mutation-observer": "^1.0.3"
      }
    }
  }
}
